// !$*UTF8*$!
{
	archiveVersion = 1;
	classes = {
	};
	objectVersion = 48;
	objects = {

/* Begin PBXBuildFile section */
		BBD4FD4E204D8067002DA94D /* SixthViewController.swift in Sources */ = {isa = PBXBuildFile; fileRef = BBD4FD4D204D8067002DA94D /* SixthViewController.swift */; };
		BBEA844E2049D4BD0089DB0E /* SecondViewController.swift in Sources */ = {isa = PBXBuildFile; fileRef = BBEA844D2049D4BD0089DB0E /* SecondViewController.swift */; };
		BBEA84502049D78F0089DB0E /* ThirdViewController.swift in Sources */ = {isa = PBXBuildFile; fileRef = BBEA844F2049D78F0089DB0E /* ThirdViewController.swift */; };
		BBEA84562049DD160089DB0E /* FourthViewController.swift in Sources */ = {isa = PBXBuildFile; fileRef = BBEA84552049DD160089DB0E /* FourthViewController.swift */; };
		BBF7318120432BA200AFB30E /* AppDelegate.swift in Sources */ = {isa = PBXBuildFile; fileRef = BBF7318020432BA200AFB30E /* AppDelegate.swift */; };
		BBF7318320432BA200AFB30E /* ViewController.swift in Sources */ = {isa = PBXBuildFile; fileRef = BBF7318220432BA200AFB30E /* ViewController.swift */; };
		BBF7318620432BA200AFB30E /* Main.storyboard in Resources */ = {isa = PBXBuildFile; fileRef = BBF7318420432BA200AFB30E /* Main.storyboard */; };
		BBF7318820432BA200AFB30E /* Assets.xcassets in Resources */ = {isa = PBXBuildFile; fileRef = BBF7318720432BA200AFB30E /* Assets.xcassets */; };
		BBF7318B20432BA200AFB30E /* LaunchScreen.storyboard in Resources */ = {isa = PBXBuildFile; fileRef = BBF7318920432BA200AFB30E /* LaunchScreen.storyboard */; };
/* End PBXBuildFile section */

/* Begin PBXFileReference section */
		BBD4FD4D204D8067002DA94D /* SixthViewController.swift */ = {isa = PBXFileReference; lastKnownFileType = sourcecode.swift; path = SixthViewController.swift; sourceTree = "<group>"; };
		BBEA844D2049D4BD0089DB0E /* SecondViewController.swift */ = {isa = PBXFileReference; lastKnownFileType = sourcecode.swift; path = SecondViewController.swift; sourceTree = "<group>"; };
		BBEA844F2049D78F0089DB0E /* ThirdViewController.swift */ = {isa = PBXFileReference; lastKnownFileType = sourcecode.swift; path = ThirdViewController.swift; sourceTree = "<group>"; };
		BBEA84552049DD160089DB0E /* FourthViewController.swift */ = {isa = PBXFileReference; lastKnownFileType = sourcecode.swift; path = FourthViewController.swift; sourceTree = "<group>"; };
		BBF7317D20432BA200AFB30E /* SampleOfGit.app */ = {isa = PBXFileReference; explicitFileType = wrapper.application; includeInIndex = 0; path = SampleOfGit.app; sourceTree = BUILT_PRODUCTS_DIR; };
		BBF7318020432BA200AFB30E /* AppDelegate.swift */ = {isa = PBXFileReference; lastKnownFileType = sourcecode.swift; path = AppDelegate.swift; sourceTree = "<group>"; };
		BBF7318220432BA200AFB30E /* ViewController.swift */ = {isa = PBXFileReference; lastKnownFileType = sourcecode.swift; path = ViewController.swift; sourceTree = "<group>"; };
		BBF7318520432BA200AFB30E /* Base */ = {isa = PBXFileReference; lastKnownFileType = file.storyboard; name = Base; path = Base.lproj/Main.storyboard; sourceTree = "<group>"; };
		BBF7318720432BA200AFB30E /* Assets.xcassets */ = {isa = PBXFileReference; lastKnownFileType = folder.assetcatalog; path = Assets.xcassets; sourceTree = "<group>"; };
		BBF7318A20432BA200AFB30E /* Base */ = {isa = PBXFileReference; lastKnownFileType = file.storyboard; name = Base; path = Base.lproj/LaunchScreen.storyboard; sourceTree = "<group>"; };
		BBF7318C20432BA200AFB30E /* Info.plist */ = {isa = PBXFileReference; lastKnownFileType = text.plist.xml; path = Info.plist; sourceTree = "<group>"; };
/* End PBXFileReference section */

/* Begin PBXFrameworksBuildPhase section */
		BBF7317A20432BA200AFB30E /* Frameworks */ = {
			isa = PBXFrameworksBuildPhase;
			buildActionMask = 2147483647;
			files = (
			);
			runOnlyForDeploymentPostprocessing = 0;
		};
/* End PBXFrameworksBuildPhase section */

/* Begin PBXGroup section */
		BBF7317420432BA200AFB30E = {
			isa = PBXGroup;
			children = (
				BBF7317F20432BA200AFB30E /* SampleOfGit */,
				BBF7317E20432BA200AFB30E /* Products */,
			);
			sourceTree = "<group>";
		};
		BBF7317E20432BA200AFB30E /* Products */ = {
			isa = PBXGroup;
			children = (
				BBF7317D20432BA200AFB30E /* SampleOfGit.app */,
			);
			name = Products;
			sourceTree = "<group>";
		};
		BBF7317F20432BA200AFB30E /* SampleOfGit */ = {
			isa = PBXGroup;
			children = (
				BBF7318020432BA200AFB30E /* AppDelegate.swift */,
				BBF7318220432BA200AFB30E /* ViewController.swift */,
				BBEA844D2049D4BD0089DB0E /* SecondViewController.swift */,
				BBEA844F2049D78F0089DB0E /* ThirdViewController.swift */,
				BBEA84552049DD160089DB0E /* FourthViewController.swift */,
				BBD4FD4D204D8067002DA94D /* SixthViewController.swift */,
				BBF7318420432BA200AFB30E /* Main.storyboard */,
				BBF7318720432BA200AFB30E /* Assets.xcassets */,
				BBF7318920432BA200AFB30E /* LaunchScreen.storyboard */,
				BBF7318C20432BA200AFB30E /* Info.plist */,
			);
			path = SampleOfGit;
			sourceTree = "<group>";
		};
/* End PBXGroup section */

/* Begin PBXNativeTarget section */
		BBF7317C20432BA200AFB30E /* SampleOfGit */ = {
			isa = PBXNativeTarget;
			buildConfigurationList = BBF7318F20432BA200AFB30E /* Build configuration list for PBXNativeTarget "SampleOfGit" */;
			buildPhases = (
				BBF7317920432BA200AFB30E /* Sources */,
				BBF7317A20432BA200AFB30E /* Frameworks */,
				BBF7317B20432BA200AFB30E /* Resources */,
			);
			buildRules = (
			);
			dependencies = (
			);
			name = SampleOfGit;
			productName = SampleOfGit;
			productReference = BBF7317D20432BA200AFB30E /* SampleOfGit.app */;
			productType = "com.apple.product-type.application";
		};
/* End PBXNativeTarget section */

/* Begin PBXProject section */
		BBF7317520432BA200AFB30E /* Project object */ = {
			isa = PBXProject;
			attributes = {
				LastSwiftUpdateCheck = 0900;
				LastUpgradeCheck = 0900;
				ORGANIZATIONNAME = sandip;
				TargetAttributes = {
					BBF7317C20432BA200AFB30E = {
						CreatedOnToolsVersion = 9.0;
						ProvisioningStyle = Automatic;
					};
				};
			};
			buildConfigurationList = BBF7317820432BA200AFB30E /* Build configuration list for PBXProject "SampleOfGit" */;
			compatibilityVersion = "Xcode 8.0";
			developmentRegion = en;
			hasScannedForEncodings = 0;
			knownRegions = (
				en,
				Base,
			);
			mainGroup = BBF7317420432BA200AFB30E;
			productRefGroup = BBF7317E20432BA200AFB30E /* Products */;
			projectDirPath = "";
			projectRoot = "";
			targets = (
				BBF7317C20432BA200AFB30E /* SampleOfGit */,
			);
		};
/* End PBXProject section */

/* Begin PBXResourcesBuildPhase section */
		BBF7317B20432BA200AFB30E /* Resources */ = {
			isa = PBXResourcesBuildPhase;
			buildActionMask = 2147483647;
			files = (
				BBF7318B20432BA200AFB30E /* LaunchScreen.storyboard in Resources */,
				BBF7318820432BA200AFB30E /* Assets.xcassets in Resources */,
				BBF7318620432BA200AFB30E /* Main.storyboard in Resources */,
			);
			runOnlyForDeploymentPostprocessing = 0;
		};
/* End PBXResourcesBuildPhase section */

/* Begin PBXSourcesBuildPhase section */
		BBF7317920432BA200AFB30E /* Sources */ = {
			isa = PBXSourcesBuildPhase;
			buildActionMask = 2147483647;
			files = (
				BBEA844E2049D4BD0089DB0E /* SecondViewController.swift in Sources */,
				BBD4FD4E204D8067002DA94D /* SixthViewController.swift in Sources */,
				BBF7318320432BA200AFB30E /* ViewController.swift in Sources */,
				BBEA84502049D78F0089DB0E /* ThirdViewController.swift in Sources */,
				BBF7318120432BA200AFB30E /* AppDelegate.swift in Sources */,
				BBEA84562049DD160089DB0E /* FourthViewController.swift in Sources */,
			);
			runOnlyForDeploymentPostprocessing = 0;
		};
/* End PBXSourcesBuildPhase section */

/* Begin PBXVariantGroup section */
		BBF7318420432BA200AFB30E /* Main.storyboard */ = {
			isa = PBXVariantGroup;
			children = (
				BBF7318520432BA200AFB30E /* Base */,
			);
			name = Main.storyboard;
			sourceTree = "<group>";
		};
		BBF7318920432BA200AFB30E /* LaunchScreen.storyboard */ = {
			isa = PBXVariantGroup;
			children = (
				BBF7318A20432BA200AFB30E /* Base */,
			);
			name = LaunchScreen.storyboard;
			sourceTree = "<group>";
		};
/* End PBXVariantGroup section */

/* Begin XCBuildConfiguration section */
		BBF7318D20432BA200AFB30E /* Debug */ = {
			isa = XCBuildConfiguration;
			buildSettings = {
				ALWAYS_SEARCH_USER_PATHS = NO;
				CLANG_ANALYZER_NONNULL = YES;
				CLANG_ANALYZER_NUMBER_OBJECT_CONVERSION = YES_AGGRESSIVE;
				CLANG_CXX_LANGUAGE_STANDARD = "gnu++14";
				CLANG_CXX_LIBRARY = "libc++";
				CLANG_ENABLE_MODULES = YES;
				CLANG_ENABLE_OBJC_ARC = YES;
				CLANG_WARN_BLOCK_CAPTURE_AUTORELEASING = YES;
				CLANG_WARN_BOOL_CONVERSION = YES;
				CLANG_WARN_COMMA = YES;
				CLANG_WARN_CONSTANT_CONVERSION = YES;
				CLANG_WARN_DIRECT_OBJC_ISA_USAGE = YES_ERROR;
				CLANG_WARN_DOCUMENTATION_COMMENTS = YES;
				CLANG_WARN_EMPTY_BODY = YES;
				CLANG_WARN_ENUM_CONVERSION = YES;
				CLANG_WARN_INFINITE_RECURSION = YES;
				CLANG_WARN_INT_CONVERSION = YES;
				CLANG_WARN_NON_LITERAL_NULL_CONVERSION = YES;
				CLANG_WARN_OBJC_LITERAL_CONVERSION = YES;
				CLANG_WARN_OBJC_ROOT_CLASS = YES_ERROR;
				CLANG_WARN_RANGE_LOOP_ANALYSIS = YES;
				CLANG_WARN_STRICT_PROTOTYPES = YES;
				CLANG_WARN_SUSPICIOUS_MOVE = YES;
				CLANG_WARN_UNGUARDED_AVAILABILITY = YES_AGGRESSIVE;
				CLANG_WARN_UNREACHABLE_CODE = YES;
				CLANG_WARN__DUPLICATE_METHOD_MATCH = YES;
				CODE_SIGN_IDENTITY = "iPhone Developer";
				COPY_PHASE_STRIP = NO;
				DEBUG_INFORMATION_FORMAT = dwarf;
				ENABLE_STRICT_OBJC_MSGSEND = YES;
				ENABLE_TESTABILITY = YES;
				GCC_C_LANGUAGE_STANDARD = gnu11;
				GCC_DYNAMIC_NO_PIC = NO;
				GCC_NO_COMMON_BLOCKS = YES;
				GCC_OPTIMIZATION_LEVEL = 0;
				GCC_PREPROCESSOR_DEFINITIONS = (
					"DEBUG=1",
					"$(inherited)",
				);
				GCC_WARN_64_TO_32_BIT_CONVERSION = YES;
				GCC_WARN_ABOUT_RETURN_TYPE = YES_ERROR;
				GCC_WARN_UNDECLARED_SELECTOR = YES;
				GCC_WARN_UNINITIALIZED_AUTOS = YES_AGGRESSIVE;
				GCC_WARN_UNUSED_FUNCTION = YES;
				GCC_WARN_UNUSED_VARIABLE = YES;
				IPHONEOS_DEPLOYMENT_TARGET = 11.0;
				MTL_ENABLE_DEBUG_INFO = YES;
				ONLY_ACTIVE_ARCH = YES;
				SDKROOT = iphoneos;
				SWIFT_ACTIVE_COMPILATION_CONDITIONS = DEBUG;
				SWIFT_OPTIMIZATION_LEVEL = "-Onone";
			};
			name = Debug;
		};
		BBF7318E20432BA200AFB30E /* Release */ = {
			isa = XCBuildConfiguration;
			buildSettings = {
				ALWAYS_SEARCH_USER_PATHS = NO;
				CLANG_ANALYZER_NONNULL = YES;
				CLANG_ANALYZER_NUMBER_OBJECT_CONVERSION = YES_AGGRESSIVE;
				CLANG_CXX_LANGUAGE_STANDARD = "gnu++14";
				CLANG_CXX_LIBRARY = "libc++";
				CLANG_ENABLE_MODULES = YES;
				CLANG_ENABLE_OBJC_ARC = YES;
				CLANG_WARN_BLOCK_CAPTURE_AUTORELEASING = YES;
				CLANG_WARN_BOOL_CONVERSION = YES;
				CLANG_WARN_COMMA = YES;
				CLANG_WARN_CONSTANT_CONVERSION = YES;
				CLANG_WARN_DIRECT_OBJC_ISA_USAGE = YES_ERROR;
				CLANG_WARN_DOCUMENTATION_COMMENTS = YES;
				CLANG_WARN_EMPTY_BODY = YES;
				CLANG_WARN_ENUM_CONVERSION = YES;
				CLANG_WARN_INFINITE_RECURSION = YES;
				CLANG_WARN_INT_CONVERSION = YES;
				CLANG_WARN_NON_LITERAL_NULL_CONVERSION = YES;
				CLANG_WARN_OBJC_LITERAL_CONVERSION = YES;
				CLANG_WARN_OBJC_ROOT_CLASS = YES_ERROR;
				CLANG_WARN_RANGE_LOOP_ANALYSIS = YES;
				CLANG_WARN_STRICT_PROTOTYPES = YES;
				CLANG_WARN_SUSPICIOUS_MOVE = YES;
				CLANG_WARN_UNGUARDED_AVAILABILITY = YES_AGGRESSIVE;
				CLANG_WARN_UNREACHABLE_CODE = YES;
				CLANG_WARN__DUPLICATE_METHOD_MATCH = YES;
				CODE_SIGN_IDENTITY = "iPhone Developer";
				COPY_PHASE_STRIP = NO;
				DEBUG_INFORMATION_FORMAT = "dwarf-with-dsym";
				ENABLE_NS_ASSERTIONS = NO;
				ENABLE_STRICT_OBJC_MSGSEND = YES;
				GCC_C_LANGUAGE_STANDARD = gnu11;
				GCC_NO_COMMON_BLOCKS = YES;
				GCC_WARN_64_TO_32_BIT_CONVERSION = YES;
				GCC_WARN_ABOUT_RETURN_TYPE = YES_ERROR;
				GCC_WARN_UNDECLARED_SELECTOR = YES;
				GCC_WARN_UNINITIALIZED_AUTOS = YES_AGGRESSIVE;
				GCC_WARN_UNUSED_FUNCTION = YES;
				GCC_WARN_UNUSED_VARIABLE = YES;
				IPHONEOS_DEPLOYMENT_TARGET = 11.0;
				MTL_ENABLE_DEBUG_INFO = NO;
				SDKROOT = iphoneos;
				SWIFT_OPTIMIZATION_LEVEL = "-Owholemodule";
				VALIDATE_PRODUCT = YES;
			};
			name = Release;
		};
		BBF7319020432BA200AFB30E /* Debug */ = {
			isa = XCBuildConfiguration;
			buildSettings = {
				ASSETCATALOG_COMPILER_APPICON_NAME = AppIcon;
				CODE_SIGN_STYLE = Automatic;
				INFOPLIST_FILE = SampleOfGit/Info.plist;
				LD_RUNPATH_SEARCH_PATHS = "$(inherited) @executable_path/Frameworks";
				PRODUCT_BUNDLE_IDENTIFIER = com.sandip.SampleOfGit;
				PRODUCT_NAME = "$(TARGET_NAME)";
				SWIFT_VERSION = 4.0;
				TARGETED_DEVICE_FAMILY = "1,2";
			};
			name = Debug;
		};
		BBF7319120432BA200AFB30E /* Release */ = {
			isa = XCBuildConfiguration;
			buildSettings = {
				ASSETCATALOG_COMPILER_APPICON_NAME = AppIcon;
				CODE_SIGN_STYLE = Automatic;
				INFOPLIST_FILE = SampleOfGit/Info.plist;
				LD_RUNPATH_SEARCH_PATHS = "$(inherited) @executable_path/Frameworks";
				PRODUCT_BUNDLE_IDENTIFIER = com.sandip.SampleOfGit;
				PRODUCT_NAME = "$(TARGET_NAME)";
				SWIFT_VERSION = 4.0;
				TARGETED_DEVICE_FAMILY = "1,2";
			};
			name = Release;
		};
/* End XCBuildConfiguration section */

/* Begin XCConfigurationList section */
		BBF7317820432BA200AFB30E /* Build configuration list for PBXProject "SampleOfGit" */ = {
			isa = XCConfigurationList;
			buildConfigurations = (
				BBF7318D20432BA200AFB30E /* Debug */,
				BBF7318E20432BA200AFB30E /* Release */,
			);
			defaultConfigurationIsVisible = 0;
			defaultConfigurationName = Release;
		};
		BBF7318F20432BA200AFB30E /* Build configuration list for PBXNativeTarget "SampleOfGit" */ = {
			isa = XCConfigurationList;
			buildConfigurations = (
				BBF7319020432BA200AFB30E /* Debug */,
				BBF7319120432BA200AFB30E /* Release */,
			);
			defaultConfigurationIsVisible = 0;
			defaultConfigurationName = Release;
		};
/* End XCConfigurationList section */
	};
	rootObject = BBF7317520432BA200AFB30E /* Project object */;
}
